
Microsoft Visual Studio Solution File, Format Version 12.00
# Visual Studio Version 16
VisualStudioVersion = 16.0.29613.14
MinimumVisualStudioVersion = 10.0.40219.1
Project("{9A19103F-16F7-4668-BE54-9A1E7A4F7556}") = "Repository", "Repository\Repository.csproj", "{474966BC-157B-48BD-A7B8-4A100CF760A2}"
EndProject
Project("{9A19103F-16F7-4668-BE54-9A1E7A4F7556}") = "DomainModels", "DomainModels\DomainModels.csproj", "{E5485774-66EC-47DC-8D91-265ECAB81258}"
EndProject
Project("{9A19103F-16F7-4668-BE54-9A1E7A4F7556}") = "Service", "Service\Service.csproj", "{C2B76F63-8214-4D34-995A-626130DE747E}"
EndProject
Project("{9A19103F-16F7-4668-BE54-9A1E7A4F7556}") = "Presentation", "Presentation\Presentation.csproj", "{8CBCFE4F-99D6-4D51-A44D-D91D9FB4AB7E}"
EndProject
Project("{FAE04EC0-301F-11D3-BF4B-00C04F79EFBC}") = "Contracts", "Contracts\Contracts.csproj", "{D4D4C580-CCAD-4CE7-A2FD-184F83F832A6}"
EndProject
Global
	GlobalSection(SolutionConfigurationPlatforms) = preSolution
		Debug|Any CPU = Debug|Any CPU
		Release|Any CPU = Release|Any CPU
	EndGlobalSection
	GlobalSection(ProjectConfigurationPlatforms) = postSolution
		{474966BC-157B-48BD-A7B8-4A100CF760A2}.Debug|Any CPU.ActiveCfg = Debug|Any CPU
		{474966BC-157B-48BD-A7B8-4A100CF760A2}.Debug|Any CPU.Build.0 = Debug|Any CPU
		{474966BC-157B-48BD-A7B8-4A100CF760A2}.Release|Any CPU.ActiveCfg = Release|Any CPU
		{474966BC-157B-48BD-A7B8-4A100CF760A2}.Release|Any CPU.Build.0 = Release|Any CPU
		{E5485774-66EC-47DC-8D91-265ECAB81258}.Debug|Any CPU.ActiveCfg = Debug|Any CPU
		{E5485774-66EC-47DC-8D91-265ECAB81258}.Debug|Any CPU.Build.0 = Debug|Any CPU
		{E5485774-66EC-47DC-8D91-265ECAB81258}.Release|Any CPU.ActiveCfg = Release|Any CPU
		{E5485774-66EC-47DC-8D91-265ECAB81258}.Release|Any CPU.Build.0 = Release|Any CPU
		{C2B76F63-8214-4D34-995A-626130DE747E}.Debug|Any CPU.ActiveCfg = Debug|Any CPU
		{C2B76F63-8214-4D34-995A-626130DE747E}.Debug|Any CPU.Build.0 = Debug|Any CPU
		{C2B76F63-8214-4D34-995A-626130DE747E}.Release|Any CPU.ActiveCfg = Release|Any CPU
		{C2B76F63-8214-4D34-995A-626130DE747E}.Release|Any CPU.Build.0 = Release|Any CPU
		{8CBCFE4F-99D6-4D51-A44D-D91D9FB4AB7E}.Debug|Any CPU.ActiveCfg = Debug|Any CPU
		{8CBCFE4F-99D6-4D51-A44D-D91D9FB4AB7E}.Debug|Any CPU.Build.0 = Debug|Any CPU
		{8CBCFE4F-99D6-4D51-A44D-D91D9FB4AB7E}.Release|Any CPU.ActiveCfg = Release|Any CPU
		{8CBCFE4F-99D6-4D51-A44D-D91D9FB4AB7E}.Release|Any CPU.Build.0 = Release|Any CPU
		{D4D4C580-CCAD-4CE7-A2FD-184F83F832A6}.Debug|Any CPU.ActiveCfg = Debug|Any CPU
		{D4D4C580-CCAD-4CE7-A2FD-184F83F832A6}.Debug|Any CPU.Build.0 = Debug|Any CPU
		{D4D4C580-CCAD-4CE7-A2FD-184F83F832A6}.Release|Any CPU.ActiveCfg = Release|Any CPU
		{D4D4C580-CCAD-4CE7-A2FD-184F83F832A6}.Release|Any CPU.Build.0 = Release|Any CPU
	EndGlobalSection
	GlobalSection(SolutionProperties) = preSolution
		HideSolutionNode = FALSE
	EndGlobalSection
	GlobalSection(ExtensibilityGlobals) = postSolution
		SolutionGuid = {64E5E8C6-56D6-4C56-9267-4B2697A04E07}
	EndGlobalSection
EndGlobal
